
Microsoft Visual Studio Solution File, Format Version 12.00
# Visual Studio Version 16
VisualStudioVersion = 16.0.29326.143
MinimumVisualStudioVersion = 10.0.40219.1
Project("{9A19103F-16F7-4668-BE54-9A1E7A4F7556}") = "Api", "Api\Api.csproj", "{341525E6-6D35-4193-8CE8-4F31BCEE6E2A}"
EndProject
Project("{9A19103F-16F7-4668-BE54-9A1E7A4F7556}") = "Domain", "Domain\Domain.csproj", "{88AB7E1C-B29C-4815-B9DA-A1E494306194}"
EndProject
Project("{9A19103F-16F7-4668-BE54-9A1E7A4F7556}") = "Infrastructure", "Infrastructure\Infrastructure.csproj", "{0E4984F4-1716-4432-873C-0619A1FFEEAF}"
EndProject
Project("{FAE04EC0-301F-11D3-BF4B-00C04F79EFBC}") = "Tests", "Tests\Tests.csproj", "{38CDF70A-102D-419D-A511-0F275FFE0176}"
EndProject
Global
	GlobalSection(SolutionConfigurationPlatforms) = preSolution
		Debug|Any CPU = Debug|Any CPU
		Release|Any CPU = Release|Any CPU
	EndGlobalSection
	GlobalSection(ProjectConfigurationPlatforms) = postSolution
		{341525E6-6D35-4193-8CE8-4F31BCEE6E2A}.Debug|Any CPU.ActiveCfg = Debug|Any CPU
		{341525E6-6D35-4193-8CE8-4F31BCEE6E2A}.Debug|Any CPU.Build.0 = Debug|Any CPU
		{341525E6-6D35-4193-8CE8-4F31BCEE6E2A}.Release|Any CPU.ActiveCfg = Release|Any CPU
		{341525E6-6D35-4193-8CE8-4F31BCEE6E2A}.Release|Any CPU.Build.0 = Release|Any CPU
		{88AB7E1C-B29C-4815-B9DA-A1E494306194}.Debug|Any CPU.ActiveCfg = Debug|Any CPU
		{88AB7E1C-B29C-4815-B9DA-A1E494306194}.Debug|Any CPU.Build.0 = Debug|Any CPU
		{88AB7E1C-B29C-4815-B9DA-A1E494306194}.Release|Any CPU.ActiveCfg = Release|Any CPU
		{88AB7E1C-B29C-4815-B9DA-A1E494306194}.Release|Any CPU.Build.0 = Release|Any CPU
		{0E4984F4-1716-4432-873C-0619A1FFEEAF}.Debug|Any CPU.ActiveCfg = Debug|Any CPU
		{0E4984F4-1716-4432-873C-0619A1FFEEAF}.Debug|Any CPU.Build.0 = Debug|Any CPU
		{0E4984F4-1716-4432-873C-0619A1FFEEAF}.Release|Any CPU.ActiveCfg = Release|Any CPU
		{0E4984F4-1716-4432-873C-0619A1FFEEAF}.Release|Any CPU.Build.0 = Release|Any CPU
		{38CDF70A-102D-419D-A511-0F275FFE0176}.Debug|Any CPU.ActiveCfg = Debug|Any CPU
		{38CDF70A-102D-419D-A511-0F275FFE0176}.Debug|Any CPU.Build.0 = Debug|Any CPU
		{38CDF70A-102D-419D-A511-0F275FFE0176}.Release|Any CPU.ActiveCfg = Release|Any CPU
		{38CDF70A-102D-419D-A511-0F275FFE0176}.Release|Any CPU.Build.0 = Release|Any CPU
	EndGlobalSection
	GlobalSection(SolutionProperties) = preSolution
		HideSolutionNode = FALSE
	EndGlobalSection
	GlobalSection(ExtensibilityGlobals) = postSolution
		SolutionGuid = {6DCEF8A3-F907-46A3-869E-B66BFCA9F668}
	EndGlobalSection
EndGlobal
